
Microsoft Visual Studio Solution File, Format Version 12.00
# Visual Studio Version 16
VisualStudioVersion = 16.0.32428.217
MinimumVisualStudioVersion = 10.0.40219.1
Project("{9A19103F-16F7-4668-BE54-9A1E7A4F7556}") = "AffilateSource.Server", "Server\AffilateSource.Server.csproj", "{83820E58-7654-4335-9ED4-8E77697D363D}"
EndProject
Project("{9A19103F-16F7-4668-BE54-9A1E7A4F7556}") = "AffilateSource.Client", "Client\AffilateSource.Client.csproj", "{99135AD6-2EC8-48A0-9A14-C4F7ACC3542A}"
EndProject
Project("{9A19103F-16F7-4668-BE54-9A1E7A4F7556}") = "AffilateSource.Shared", "Shared\AffilateSource.Shared.csproj", "{D746F133-447D-4F24-9E03-F40DAD446B32}"
EndProject
Project("{9A19103F-16F7-4668-BE54-9A1E7A4F7556}") = "AffilateSource.Data", "AffilateSource.Data\AffilateSource.Data.csproj", "{66B2CA7A-BE86-4291-8AB8-C76405786686}"
EndProject
Project("{9A19103F-16F7-4668-BE54-9A1E7A4F7556}") = "AffilateSource.App", "AffilateSource.App\AffilateSource.App.csproj", "{A2E54B49-B522-487A-9AC0-25293DE1F213}"
EndProject
Global
	GlobalSection(SolutionConfigurationPlatforms) = preSolution
		Debug|Any CPU = Debug|Any CPU
		Release|Any CPU = Release|Any CPU
	EndGlobalSection
	GlobalSection(ProjectConfigurationPlatforms) = postSolution
		{83820E58-7654-4335-9ED4-8E77697D363D}.Debug|Any CPU.ActiveCfg = Debug|Any CPU
		{83820E58-7654-4335-9ED4-8E77697D363D}.Debug|Any CPU.Build.0 = Debug|Any CPU
		{83820E58-7654-4335-9ED4-8E77697D363D}.Release|Any CPU.ActiveCfg = Release|Any CPU
		{83820E58-7654-4335-9ED4-8E77697D363D}.Release|Any CPU.Build.0 = Release|Any CPU
		{99135AD6-2EC8-48A0-9A14-C4F7ACC3542A}.Debug|Any CPU.ActiveCfg = Debug|Any CPU
		{99135AD6-2EC8-48A0-9A14-C4F7ACC3542A}.Debug|Any CPU.Build.0 = Debug|Any CPU
		{99135AD6-2EC8-48A0-9A14-C4F7ACC3542A}.Release|Any CPU.ActiveCfg = Release|Any CPU
		{99135AD6-2EC8-48A0-9A14-C4F7ACC3542A}.Release|Any CPU.Build.0 = Release|Any CPU
		{D746F133-447D-4F24-9E03-F40DAD446B32}.Debug|Any CPU.ActiveCfg = Debug|Any CPU
		{D746F133-447D-4F24-9E03-F40DAD446B32}.Debug|Any CPU.Build.0 = Debug|Any CPU
		{D746F133-447D-4F24-9E03-F40DAD446B32}.Release|Any CPU.ActiveCfg = Release|Any CPU
		{D746F133-447D-4F24-9E03-F40DAD446B32}.Release|Any CPU.Build.0 = Release|Any CPU
		{66B2CA7A-BE86-4291-8AB8-C76405786686}.Debug|Any CPU.ActiveCfg = Debug|Any CPU
		{66B2CA7A-BE86-4291-8AB8-C76405786686}.Debug|Any CPU.Build.0 = Debug|Any CPU
		{66B2CA7A-BE86-4291-8AB8-C76405786686}.Release|Any CPU.ActiveCfg = Release|Any CPU
		{66B2CA7A-BE86-4291-8AB8-C76405786686}.Release|Any CPU.Build.0 = Release|Any CPU
		{A2E54B49-B522-487A-9AC0-25293DE1F213}.Debug|Any CPU.ActiveCfg = Debug|Any CPU
		{A2E54B49-B522-487A-9AC0-25293DE1F213}.Debug|Any CPU.Build.0 = Debug|Any CPU
		{A2E54B49-B522-487A-9AC0-25293DE1F213}.Release|Any CPU.ActiveCfg = Release|Any CPU
		{A2E54B49-B522-487A-9AC0-25293DE1F213}.Release|Any CPU.Build.0 = Release|Any CPU
	EndGlobalSection
	GlobalSection(SolutionProperties) = preSolution
		HideSolutionNode = FALSE
	EndGlobalSection
	GlobalSection(ExtensibilityGlobals) = postSolution
		SolutionGuid = {E18F4FFC-D874-4A83-BD1B-0EA342E9ECC2}
	EndGlobalSection
EndGlobal
